<?xml version="1.0" encoding="utf-8"?>
<Project ToolsVersion="17.0" xmlns="http://schemas.microsoft.com/developer/msbuild/2003">
  <ItemGroup>
    <CustomBuild Include="C:\Users\coren\Documents\Polytech\ET3\InfoGraphic\Cube-Run\cube_build\CMakeFiles\db28b4f08506b3f5bcd94a1072ef072d\INSTALL_force.rule">
      <Filter>CMake Rules</Filter>
    </CustomBuild>
  </ItemGroup>
  <ItemGroup>
    <Filter Include="CMake Rules">
      <UniqueIdentifier>{FFDCD684-2D3A-3BCD-B97F-4F067F1186C8}</UniqueIdentifier>
    </Filter>
  </ItemGroup>
</Project>
